// !$*UTF8*$!
{
	archiveVersion = 1;
	classes = {
	};
	objectVersion = 46;
	objects = {

/* Begin PBXBuildFile section */
		9C358FF01F921B1C000BED3E /* Functions.swift in Sources */ = {isa = PBXBuildFile; fileRef = 9C358FEF1F921B1C000BED3E /* Functions.swift */; };
		9C358FF21F926495000BED3E /* PlayerViewControllerExtensions.swift in Sources */ = {isa = PBXBuildFile; fileRef = 9C358FF11F926495000BED3E /* PlayerViewControllerExtensions.swift */; };
		9C6106A51F8E1034008FDC51 /* AppDelegate.swift in Sources */ = {isa = PBXBuildFile; fileRef = 9C6106A41F8E1034008FDC51 /* AppDelegate.swift */; };
		9C6106A71F8E1034008FDC51 /* PlayerViewController.swift in Sources */ = {isa = PBXBuildFile; fileRef = 9C6106A61F8E1034008FDC51 /* PlayerViewController.swift */; };
		9C6106AA1F8E1034008FDC51 /* Main.storyboard in Resources */ = {isa = PBXBuildFile; fileRef = 9C6106A81F8E1034008FDC51 /* Main.storyboard */; };
		9C6106AC1F8E1034008FDC51 /* Assets.xcassets in Resources */ = {isa = PBXBuildFile; fileRef = 9C6106AB1F8E1034008FDC51 /* Assets.xcassets */; };
		9C6106AF1F8E1034008FDC51 /* LaunchScreen.storyboard in Resources */ = {isa = PBXBuildFile; fileRef = 9C6106AD1F8E1034008FDC51 /* LaunchScreen.storyboard */; };
		9C6106C51F8E1034008FDC51 /* PlayerTestUITests.swift in Sources */ = {isa = PBXBuildFile; fileRef = 9C6106C41F8E1034008FDC51 /* PlayerTestUITests.swift */; };
		9C6106D31F8E123F008FDC51 /* PlayerPresenter.swift in Sources */ = {isa = PBXBuildFile; fileRef = 9C6106D21F8E123F008FDC51 /* PlayerPresenter.swift */; };
		9C6106D51F8E1326008FDC51 /* PlayerPresenterProtocols.swift in Sources */ = {isa = PBXBuildFile; fileRef = 9C6106D41F8E1326008FDC51 /* PlayerPresenterProtocols.swift */; };
		9C6106D71F8E16DB008FDC51 /* CachingPlayerItem.swift in Sources */ = {isa = PBXBuildFile; fileRef = 9C6106D61F8E16DB008FDC51 /* CachingPlayerItem.swift */; };
		9C6106D91F8E2430008FDC51 /* SaveService.swift in Sources */ = {isa = PBXBuildFile; fileRef = 9C6106D81F8E2430008FDC51 /* SaveService.swift */; };
		9C6106DB1F8E24B8008FDC51 /* SaveServiceInterfase.swift in Sources */ = {isa = PBXBuildFile; fileRef = 9C6106DA1F8E24B8008FDC51 /* SaveServiceInterfase.swift */; };
		9C6106DF1F8E50F0008FDC51 /* FullPlayerView.xib in Resources */ = {isa = PBXBuildFile; fileRef = 9C6106DE1F8E50F0008FDC51 /* FullPlayerView.xib */; };
		9C6106E11F8E5111008FDC51 /* FullPlayerView.swift in Sources */ = {isa = PBXBuildFile; fileRef = 9C6106E01F8E5111008FDC51 /* FullPlayerView.swift */; };
		9C6106E51F8E5848008FDC51 /* Extensions.swift in Sources */ = {isa = PBXBuildFile; fileRef = 9C6106E41F8E5848008FDC51 /* Extensions.swift */; };
		9C6106E71F8EBB21008FDC51 /* GettingNextElementInArrayTest.swift in Sources */ = {isa = PBXBuildFile; fileRef = 9C6106E61F8EBB21008FDC51 /* GettingNextElementInArrayTest.swift */; };
		9C6106EC1F8EC139008FDC51 /* Picture.swift in Sources */ = {isa = PBXBuildFile; fileRef = 9C6106E91F8EC139008FDC51 /* Picture.swift */; };
		9C6106ED1F8EC139008FDC51 /* Author.swift in Sources */ = {isa = PBXBuildFile; fileRef = 9C6106EA1F8EC139008FDC51 /* Author.swift */; };
		9C6106EE1F8EC139008FDC51 /* Songs.swift in Sources */ = {isa = PBXBuildFile; fileRef = 9C6106EB1F8EC139008FDC51 /* Songs.swift */; };
		9C6106F01F8EC1B7008FDC51 /* SongsJSONParserTests.swift in Sources */ = {isa = PBXBuildFile; fileRef = 9C6106EF1F8EC1B7008FDC51 /* SongsJSONParserTests.swift */; };
		9C6106F21F8EC1C4008FDC51 /* json.json in Resources */ = {isa = PBXBuildFile; fileRef = 9C6106F11F8EC1C4008FDC51 /* json.json */; };
		9C6106F31F8EC256008FDC51 /* json.json in Resources */ = {isa = PBXBuildFile; fileRef = 9C6106F11F8EC1C4008FDC51 /* json.json */; };
		9C6106F51F8F7016008FDC51 /* SongTableViewCell.swift in Sources */ = {isa = PBXBuildFile; fileRef = 9C6106F41F8F7016008FDC51 /* SongTableViewCell.swift */; };
/* End PBXBuildFile section */

/* Begin PBXContainerItemProxy section */
		9C6106B61F8E1034008FDC51 /* PBXContainerItemProxy */ = {
			isa = PBXContainerItemProxy;
			containerPortal = 9C6106991F8E1034008FDC51 /* Project object */;
			proxyType = 1;
			remoteGlobalIDString = 9C6106A01F8E1034008FDC51;
			remoteInfo = PlayerTest;
		};
		9C6106C11F8E1034008FDC51 /* PBXContainerItemProxy */ = {
			isa = PBXContainerItemProxy;
			containerPortal = 9C6106991F8E1034008FDC51 /* Project object */;
			proxyType = 1;
			remoteGlobalIDString = 9C6106A01F8E1034008FDC51;
			remoteInfo = PlayerTest;
		};
/* End PBXContainerItemProxy section */

/* Begin PBXFileReference section */
		9C358FEF1F921B1C000BED3E /* Functions.swift */ = {isa = PBXFileReference; fileEncoding = 4; lastKnownFileType = sourcecode.swift; path = Functions.swift; sourceTree = "<group>"; };
		9C358FF11F926495000BED3E /* PlayerViewControllerExtensions.swift */ = {isa = PBXFileReference; fileEncoding = 4; lastKnownFileType = sourcecode.swift; path = PlayerViewControllerExtensions.swift; sourceTree = "<group>"; };
		9C6106A11F8E1034008FDC51 /* PlayerTest.app */ = {isa = PBXFileReference; explicitFileType = wrapper.application; includeInIndex = 0; path = PlayerTest.app; sourceTree = BUILT_PRODUCTS_DIR; };
		9C6106A41F8E1034008FDC51 /* AppDelegate.swift */ = {isa = PBXFileReference; lastKnownFileType = sourcecode.swift; path = AppDelegate.swift; sourceTree = "<group>"; };
		9C6106A61F8E1034008FDC51 /* PlayerViewController.swift */ = {isa = PBXFileReference; lastKnownFileType = sourcecode.swift; path = PlayerViewController.swift; sourceTree = "<group>"; };
		9C6106A91F8E1034008FDC51 /* Base */ = {isa = PBXFileReference; lastKnownFileType = file.storyboard; name = Base; path = Base.lproj/Main.storyboard; sourceTree = "<group>"; };
		9C6106AB1F8E1034008FDC51 /* Assets.xcassets */ = {isa = PBXFileReference; lastKnownFileType = folder.assetcatalog; path = Assets.xcassets; sourceTree = "<group>"; };
		9C6106AE1F8E1034008FDC51 /* Base */ = {isa = PBXFileReference; lastKnownFileType = file.storyboard; name = Base; path = Base.lproj/LaunchScreen.storyboard; sourceTree = "<group>"; };
		9C6106B01F8E1034008FDC51 /* Info.plist */ = {isa = PBXFileReference; lastKnownFileType = text.plist.xml; path = Info.plist; sourceTree = "<group>"; };
		9C6106B51F8E1034008FDC51 /* PlayerTestTests.xctest */ = {isa = PBXFileReference; explicitFileType = wrapper.cfbundle; includeInIndex = 0; path = PlayerTestTests.xctest; sourceTree = BUILT_PRODUCTS_DIR; };
		9C6106BB1F8E1034008FDC51 /* Info.plist */ = {isa = PBXFileReference; lastKnownFileType = text.plist.xml; path = Info.plist; sourceTree = "<group>"; };
		9C6106C01F8E1034008FDC51 /* PlayerTestUITests.xctest */ = {isa = PBXFileReference; explicitFileType = wrapper.cfbundle; includeInIndex = 0; path = PlayerTestUITests.xctest; sourceTree = BUILT_PRODUCTS_DIR; };
		9C6106C41F8E1034008FDC51 /* PlayerTestUITests.swift */ = {isa = PBXFileReference; lastKnownFileType = sourcecode.swift; path = PlayerTestUITests.swift; sourceTree = "<group>"; };
		9C6106C61F8E1034008FDC51 /* Info.plist */ = {isa = PBXFileReference; lastKnownFileType = text.plist.xml; path = Info.plist; sourceTree = "<group>"; };
		9C6106D21F8E123F008FDC51 /* PlayerPresenter.swift */ = {isa = PBXFileReference; fileEncoding = 4; lastKnownFileType = sourcecode.swift; path = PlayerPresenter.swift; sourceTree = "<group>"; };
		9C6106D41F8E1326008FDC51 /* PlayerPresenterProtocols.swift */ = {isa = PBXFileReference; fileEncoding = 4; lastKnownFileType = sourcecode.swift; path = PlayerPresenterProtocols.swift; sourceTree = "<group>"; };
		9C6106D61F8E16DB008FDC51 /* CachingPlayerItem.swift */ = {isa = PBXFileReference; fileEncoding = 4; lastKnownFileType = sourcecode.swift; path = CachingPlayerItem.swift; sourceTree = "<group>"; };
		9C6106D81F8E2430008FDC51 /* SaveService.swift */ = {isa = PBXFileReference; fileEncoding = 4; lastKnownFileType = sourcecode.swift; path = SaveService.swift; sourceTree = "<group>"; };
		9C6106DA1F8E24B8008FDC51 /* SaveServiceInterfase.swift */ = {isa = PBXFileReference; fileEncoding = 4; lastKnownFileType = sourcecode.swift; path = SaveServiceInterfase.swift; sourceTree = "<group>"; };
		9C6106DE1F8E50F0008FDC51 /* FullPlayerView.xib */ = {isa = PBXFileReference; fileEncoding = 4; lastKnownFileType = file.xib; path = FullPlayerView.xib; sourceTree = "<group>"; };
		9C6106E01F8E5111008FDC51 /* FullPlayerView.swift */ = {isa = PBXFileReference; fileEncoding = 4; lastKnownFileType = sourcecode.swift; path = FullPlayerView.swift; sourceTree = "<group>"; };
		9C6106E41F8E5848008FDC51 /* Extensions.swift */ = {isa = PBXFileReference; fileEncoding = 4; lastKnownFileType = sourcecode.swift; path = Extensions.swift; sourceTree = "<group>"; };
		9C6106E61F8EBB21008FDC51 /* GettingNextElementInArrayTest.swift */ = {isa = PBXFileReference; fileEncoding = 4; lastKnownFileType = sourcecode.swift; path = GettingNextElementInArrayTest.swift; sourceTree = "<group>"; };
		9C6106E91F8EC139008FDC51 /* Picture.swift */ = {isa = PBXFileReference; fileEncoding = 4; lastKnownFileType = sourcecode.swift; path = Picture.swift; sourceTree = "<group>"; };
		9C6106EA1F8EC139008FDC51 /* Author.swift */ = {isa = PBXFileReference; fileEncoding = 4; lastKnownFileType = sourcecode.swift; path = Author.swift; sourceTree = "<group>"; };
		9C6106EB1F8EC139008FDC51 /* Songs.swift */ = {isa = PBXFileReference; fileEncoding = 4; lastKnownFileType = sourcecode.swift; path = Songs.swift; sourceTree = "<group>"; };
		9C6106EF1F8EC1B7008FDC51 /* SongsJSONParserTests.swift */ = {isa = PBXFileReference; fileEncoding = 4; lastKnownFileType = sourcecode.swift; path = SongsJSONParserTests.swift; sourceTree = "<group>"; };
		9C6106F11F8EC1C4008FDC51 /* json.json */ = {isa = PBXFileReference; fileEncoding = 4; lastKnownFileType = text.json; path = json.json; sourceTree = "<group>"; };
		9C6106F41F8F7016008FDC51 /* SongTableViewCell.swift */ = {isa = PBXFileReference; fileEncoding = 4; lastKnownFileType = sourcecode.swift; path = SongTableViewCell.swift; sourceTree = "<group>"; };
/* End PBXFileReference section */

/* Begin PBXFrameworksBuildPhase section */
		9C61069E1F8E1034008FDC51 /* Frameworks */ = {
			isa = PBXFrameworksBuildPhase;
			buildActionMask = 2147483647;
			files = (
			);
			runOnlyForDeploymentPostprocessing = 0;
		};
		9C6106B21F8E1034008FDC51 /* Frameworks */ = {
			isa = PBXFrameworksBuildPhase;
			buildActionMask = 2147483647;
			files = (
			);
			runOnlyForDeploymentPostprocessing = 0;
		};
		9C6106BD1F8E1034008FDC51 /* Frameworks */ = {
			isa = PBXFrameworksBuildPhase;
			buildActionMask = 2147483647;
			files = (
			);
			runOnlyForDeploymentPostprocessing = 0;
		};
/* End PBXFrameworksBuildPhase section */

/* Begin PBXGroup section */
		9C358FF31F9265B5000BED3E /* View */ = {
			isa = PBXGroup;
			children = (
				9C6106A81F8E1034008FDC51 /* Main.storyboard */,
				9C6106F41F8F7016008FDC51 /* SongTableViewCell.swift */,
				9C6106E01F8E5111008FDC51 /* FullPlayerView.swift */,
				9C6106DE1F8E50F0008FDC51 /* FullPlayerView.xib */,
			);
			name = View;
			sourceTree = "<group>";
		};
		9C358FF41F9265FF000BED3E /* Common */ = {
			isa = PBXGroup;
			children = (
				9C358FF51F92666C000BED3E /* Services */,
				9C6106E41F8E5848008FDC51 /* Extensions.swift */,
				9C358FEF1F921B1C000BED3E /* Functions.swift */,
			);
			name = Common;
			sourceTree = "<group>";
		};
		9C358FF51F92666C000BED3E /* Services */ = {
			isa = PBXGroup;
			children = (
				9C6106D61F8E16DB008FDC51 /* CachingPlayerItem.swift */,
				9C6106DA1F8E24B8008FDC51 /* SaveServiceInterfase.swift */,
				9C6106D81F8E2430008FDC51 /* SaveService.swift */,
			);
			name = Services;
			sourceTree = "<group>";
		};
		9C6106981F8E1034008FDC51 = {
			isa = PBXGroup;
			children = (
				9C6106A31F8E1034008FDC51 /* PlayerTest */,
				9C6106B81F8E1034008FDC51 /* PlayerTestTests */,
				9C6106C31F8E1034008FDC51 /* PlayerTestUITests */,
				9C6106A21F8E1034008FDC51 /* Products */,
			);
			sourceTree = "<group>";
		};
		9C6106A21F8E1034008FDC51 /* Products */ = {
			isa = PBXGroup;
			children = (
				9C6106A11F8E1034008FDC51 /* PlayerTest.app */,
				9C6106B51F8E1034008FDC51 /* PlayerTestTests.xctest */,
				9C6106C01F8E1034008FDC51 /* PlayerTestUITests.xctest */,
			);
			name = Products;
			sourceTree = "<group>";
		};
		9C6106A31F8E1034008FDC51 /* PlayerTest */ = {
			isa = PBXGroup;
			children = (
				9C6106A41F8E1034008FDC51 /* AppDelegate.swift */,
				9C6106A61F8E1034008FDC51 /* PlayerViewController.swift */,
				9C6106D41F8E1326008FDC51 /* PlayerPresenterProtocols.swift */,
				9C6106D21F8E123F008FDC51 /* PlayerPresenter.swift */,
				9C358FF11F926495000BED3E /* PlayerViewControllerExtensions.swift */,
				9C358FF31F9265B5000BED3E /* View */,
				9C6106E81F8EC0FE008FDC51 /* Model */,
				9C358FF41F9265FF000BED3E /* Common */,
				9C6106AB1F8E1034008FDC51 /* Assets.xcassets */,
				9C6106AD1F8E1034008FDC51 /* LaunchScreen.storyboard */,
				9C6106B01F8E1034008FDC51 /* Info.plist */,
			);
			path = PlayerTest;
			sourceTree = "<group>";
		};
		9C6106B81F8E1034008FDC51 /* PlayerTestTests */ = {
			isa = PBXGroup;
			children = (
				9C6106EF1F8EC1B7008FDC51 /* SongsJSONParserTests.swift */,
				9C6106E61F8EBB21008FDC51 /* GettingNextElementInArrayTest.swift */,
				9C6106F11F8EC1C4008FDC51 /* json.json */,
				9C6106BB1F8E1034008FDC51 /* Info.plist */,
			);
			path = PlayerTestTests;
			sourceTree = "<group>";
		};
		9C6106C31F8E1034008FDC51 /* PlayerTestUITests */ = {
			isa = PBXGroup;
			children = (
				9C6106C41F8E1034008FDC51 /* PlayerTestUITests.swift */,
				9C6106C61F8E1034008FDC51 /* Info.plist */,
			);
			path = PlayerTestUITests;
			sourceTree = "<group>";
		};
		9C6106E81F8EC0FE008FDC51 /* Model */ = {
			isa = PBXGroup;
			children = (
				9C6106E91F8EC139008FDC51 /* Picture.swift */,
				9C6106EA1F8EC139008FDC51 /* Author.swift */,
				9C6106EB1F8EC139008FDC51 /* Songs.swift */,
			);
			name = Model;
			sourceTree = "<group>";
		};
/* End PBXGroup section */

/* Begin PBXNativeTarget section */
		9C6106A01F8E1034008FDC51 /* PlayerTest */ = {
			isa = PBXNativeTarget;
			buildConfigurationList = 9C6106C91F8E1034008FDC51 /* Build configuration list for PBXNativeTarget "PlayerTest" */;
			buildPhases = (
				9C61069D1F8E1034008FDC51 /* Sources */,
				9C61069E1F8E1034008FDC51 /* Frameworks */,
				9C61069F1F8E1034008FDC51 /* Resources */,
			);
			buildRules = (
			);
			dependencies = (
			);
			name = PlayerTest;
			productName = PlayerTest;
			productReference = 9C6106A11F8E1034008FDC51 /* PlayerTest.app */;
			productType = "com.apple.product-type.application";
		};
		9C6106B41F8E1034008FDC51 /* PlayerTestTests */ = {
			isa = PBXNativeTarget;
			buildConfigurationList = 9C6106CC1F8E1034008FDC51 /* Build configuration list for PBXNativeTarget "PlayerTestTests" */;
			buildPhases = (
				9C6106B11F8E1034008FDC51 /* Sources */,
				9C6106B21F8E1034008FDC51 /* Frameworks */,
				9C6106B31F8E1034008FDC51 /* Resources */,
			);
			buildRules = (
			);
			dependencies = (
				9C6106B71F8E1034008FDC51 /* PBXTargetDependency */,
			);
			name = PlayerTestTests;
			productName = PlayerTestTests;
			productReference = 9C6106B51F8E1034008FDC51 /* PlayerTestTests.xctest */;
			productType = "com.apple.product-type.bundle.unit-test";
		};
		9C6106BF1F8E1034008FDC51 /* PlayerTestUITests */ = {
			isa = PBXNativeTarget;
			buildConfigurationList = 9C6106CF1F8E1034008FDC51 /* Build configuration list for PBXNativeTarget "PlayerTestUITests" */;
			buildPhases = (
				9C6106BC1F8E1034008FDC51 /* Sources */,
				9C6106BD1F8E1034008FDC51 /* Frameworks */,
				9C6106BE1F8E1034008FDC51 /* Resources */,
			);
			buildRules = (
			);
			dependencies = (
				9C6106C21F8E1034008FDC51 /* PBXTargetDependency */,
			);
			name = PlayerTestUITests;
			productName = PlayerTestUITests;
			productReference = 9C6106C01F8E1034008FDC51 /* PlayerTestUITests.xctest */;
			productType = "com.apple.product-type.bundle.ui-testing";
		};
/* End PBXNativeTarget section */

/* Begin PBXProject section */
		9C6106991F8E1034008FDC51 /* Project object */ = {
			isa = PBXProject;
			attributes = {
				LastSwiftUpdateCheck = 0830;
				LastUpgradeCheck = 0830;
				ORGANIZATIONNAME = Mac;
				TargetAttributes = {
					9C6106A01F8E1034008FDC51 = {
						CreatedOnToolsVersion = 8.3.3;
						ProvisioningStyle = Automatic;
					};
					9C6106B41F8E1034008FDC51 = {
						CreatedOnToolsVersion = 8.3.3;
						ProvisioningStyle = Automatic;
						TestTargetID = 9C6106A01F8E1034008FDC51;
					};
					9C6106BF1F8E1034008FDC51 = {
						CreatedOnToolsVersion = 8.3.3;
						ProvisioningStyle = Automatic;
						TestTargetID = 9C6106A01F8E1034008FDC51;
					};
				};
			};
			buildConfigurationList = 9C61069C1F8E1034008FDC51 /* Build configuration list for PBXProject "PlayerTest" */;
			compatibilityVersion = "Xcode 3.2";
			developmentRegion = English;
			hasScannedForEncodings = 0;
			knownRegions = (
				en,
				Base,
			);
			mainGroup = 9C6106981F8E1034008FDC51;
			productRefGroup = 9C6106A21F8E1034008FDC51 /* Products */;
			projectDirPath = "";
			projectRoot = "";
			targets = (
				9C6106A01F8E1034008FDC51 /* PlayerTest */,
				9C6106B41F8E1034008FDC51 /* PlayerTestTests */,
				9C6106BF1F8E1034008FDC51 /* PlayerTestUITests */,
			);
		};
/* End PBXProject section */

/* Begin PBXResourcesBuildPhase section */
		9C61069F1F8E1034008FDC51 /* Resources */ = {
			isa = PBXResourcesBuildPhase;
			buildActionMask = 2147483647;
			files = (
				9C6106AF1F8E1034008FDC51 /* LaunchScreen.storyboard in Resources */,
				9C6106AC1F8E1034008FDC51 /* Assets.xcassets in Resources */,
				9C6106DF1F8E50F0008FDC51 /* FullPlayerView.xib in Resources */,
				9C6106AA1F8E1034008FDC51 /* Main.storyboard in Resources */,
				9C6106F31F8EC256008FDC51 /* json.json in Resources */,
			);
			runOnlyForDeploymentPostprocessing = 0;
		};
		9C6106B31F8E1034008FDC51 /* Resources */ = {
			isa = PBXResourcesBuildPhase;
			buildActionMask = 2147483647;
			files = (
				9C6106F21F8EC1C4008FDC51 /* json.json in Resources */,
			);
			runOnlyForDeploymentPostprocessing = 0;
		};
		9C6106BE1F8E1034008FDC51 /* Resources */ = {
			isa = PBXResourcesBuildPhase;
			buildActionMask = 2147483647;
			files = (
			);
			runOnlyForDeploymentPostprocessing = 0;
		};
/* End PBXResourcesBuildPhase section */

/* Begin PBXSourcesBuildPhase section */
		9C61069D1F8E1034008FDC51 /* Sources */ = {
			isa = PBXSourcesBuildPhase;
			buildActionMask = 2147483647;
			files = (
				9C6106EE1F8EC139008FDC51 /* Songs.swift in Sources */,
				9C6106D91F8E2430008FDC51 /* SaveService.swift in Sources */,
				9C6106D71F8E16DB008FDC51 /* CachingPlayerItem.swift in Sources */,
				9C6106A71F8E1034008FDC51 /* PlayerViewController.swift in Sources */,
				9C6106EC1F8EC139008FDC51 /* Picture.swift in Sources */,
				9C6106DB1F8E24B8008FDC51 /* SaveServiceInterfase.swift in Sources */,
				9C6106E11F8E5111008FDC51 /* FullPlayerView.swift in Sources */,
				9C6106ED1F8EC139008FDC51 /* Author.swift in Sources */,
				9C358FF01F921B1C000BED3E /* Functions.swift in Sources */,
				9C6106D31F8E123F008FDC51 /* PlayerPresenter.swift in Sources */,
				9C6106D51F8E1326008FDC51 /* PlayerPresenterProtocols.swift in Sources */,
				9C358FF21F926495000BED3E /* PlayerViewControllerExtensions.swift in Sources */,
				9C6106F51F8F7016008FDC51 /* SongTableViewCell.swift in Sources */,
				9C6106A51F8E1034008FDC51 /* AppDelegate.swift in Sources */,
				9C6106E51F8E5848008FDC51 /* Extensions.swift in Sources */,
			);
			runOnlyForDeploymentPostprocessing = 0;
		};
		9C6106B11F8E1034008FDC51 /* Sources */ = {
			isa = PBXSourcesBuildPhase;
			buildActionMask = 2147483647;
			files = (
				9C6106E71F8EBB21008FDC51 /* GettingNextElementInArrayTest.swift in Sources */,
				9C6106F01F8EC1B7008FDC51 /* SongsJSONParserTests.swift in Sources */,
			);
			runOnlyForDeploymentPostprocessing = 0;
		};
		9C6106BC1F8E1034008FDC51 /* Sources */ = {
			isa = PBXSourcesBuildPhase;
			buildActionMask = 2147483647;
			files = (
				9C6106C51F8E1034008FDC51 /* PlayerTestUITests.swift in Sources */,
			);
			runOnlyForDeploymentPostprocessing = 0;
		};
/* End PBXSourcesBuildPhase section */

/* Begin PBXTargetDependency section */
		9C6106B71F8E1034008FDC51 /* PBXTargetDependency */ = {
			isa = PBXTargetDependency;
			target = 9C6106A01F8E1034008FDC51 /* PlayerTest */;
			targetProxy = 9C6106B61F8E1034008FDC51 /* PBXContainerItemProxy */;
		};
		9C6106C21F8E1034008FDC51 /* PBXTargetDependency */ = {
			isa = PBXTargetDependency;
			target = 9C6106A01F8E1034008FDC51 /* PlayerTest */;
			targetProxy = 9C6106C11F8E1034008FDC51 /* PBXContainerItemProxy */;
		};
/* End PBXTargetDependency section */

/* Begin PBXVariantGroup section */
		9C6106A81F8E1034008FDC51 /* Main.storyboard */ = {
			isa = PBXVariantGroup;
			children = (
				9C6106A91F8E1034008FDC51 /* Base */,
			);
			name = Main.storyboard;
			sourceTree = "<group>";
		};
		9C6106AD1F8E1034008FDC51 /* LaunchScreen.storyboard */ = {
			isa = PBXVariantGroup;
			children = (
				9C6106AE1F8E1034008FDC51 /* Base */,
			);
			name = LaunchScreen.storyboard;
			sourceTree = "<group>";
		};
/* End PBXVariantGroup section */

/* Begin XCBuildConfiguration section */
		9C6106C71F8E1034008FDC51 /* Debug */ = {
			isa = XCBuildConfiguration;
			buildSettings = {
				ALWAYS_SEARCH_USER_PATHS = NO;
				CLANG_ANALYZER_NONNULL = YES;
				CLANG_ANALYZER_NUMBER_OBJECT_CONVERSION = YES_AGGRESSIVE;
				CLANG_CXX_LANGUAGE_STANDARD = "gnu++0x";
				CLANG_CXX_LIBRARY = "libc++";
				CLANG_ENABLE_MODULES = YES;
				CLANG_ENABLE_OBJC_ARC = YES;
				CLANG_WARN_BOOL_CONVERSION = YES;
				CLANG_WARN_CONSTANT_CONVERSION = YES;
				CLANG_WARN_DIRECT_OBJC_ISA_USAGE = YES_ERROR;
				CLANG_WARN_DOCUMENTATION_COMMENTS = YES;
				CLANG_WARN_EMPTY_BODY = YES;
				CLANG_WARN_ENUM_CONVERSION = YES;
				CLANG_WARN_INFINITE_RECURSION = YES;
				CLANG_WARN_INT_CONVERSION = YES;
				CLANG_WARN_OBJC_ROOT_CLASS = YES_ERROR;
				CLANG_WARN_SUSPICIOUS_MOVE = YES;
				CLANG_WARN_UNREACHABLE_CODE = YES;
				CLANG_WARN__DUPLICATE_METHOD_MATCH = YES;
				"CODE_SIGN_IDENTITY[sdk=iphoneos*]" = "iPhone Developer";
				COPY_PHASE_STRIP = NO;
				DEBUG_INFORMATION_FORMAT = dwarf;
				ENABLE_STRICT_OBJC_MSGSEND = YES;
				ENABLE_TESTABILITY = YES;
				GCC_C_LANGUAGE_STANDARD = gnu99;
				GCC_DYNAMIC_NO_PIC = NO;
				GCC_NO_COMMON_BLOCKS = YES;
				GCC_OPTIMIZATION_LEVEL = 0;
				GCC_PREPROCESSOR_DEFINITIONS = (
					"DEBUG=1",
					"$(inherited)",
				);
				GCC_WARN_64_TO_32_BIT_CONVERSION = YES;
				GCC_WARN_ABOUT_RETURN_TYPE = YES_ERROR;
				GCC_WARN_UNDECLARED_SELECTOR = YES;
				GCC_WARN_UNINITIALIZED_AUTOS = YES_AGGRESSIVE;
				GCC_WARN_UNUSED_FUNCTION = YES;
				GCC_WARN_UNUSED_VARIABLE = YES;
				IPHONEOS_DEPLOYMENT_TARGET = 10.3;
				MTL_ENABLE_DEBUG_INFO = YES;
				ONLY_ACTIVE_ARCH = YES;
				SDKROOT = iphoneos;
				SWIFT_ACTIVE_COMPILATION_CONDITIONS = DEBUG;
				SWIFT_OPTIMIZATION_LEVEL = "-Onone";
				TARGETED_DEVICE_FAMILY = "1,2";
			};
			name = Debug;
		};
		9C6106C81F8E1034008FDC51 /* Release */ = {
			isa = XCBuildConfiguration;
			buildSettings = {
				ALWAYS_SEARCH_USER_PATHS = NO;
				CLANG_ANALYZER_NONNULL = YES;
				CLANG_ANALYZER_NUMBER_OBJECT_CONVERSION = YES_AGGRESSIVE;
				CLANG_CXX_LANGUAGE_STANDARD = "gnu++0x";
				CLANG_CXX_LIBRARY = "libc++";
				CLANG_ENABLE_MODULES = YES;
				CLANG_ENABLE_OBJC_ARC = YES;
				CLANG_WARN_BOOL_CONVERSION = YES;
				CLANG_WARN_CONSTANT_CONVERSION = YES;
				CLANG_WARN_DIRECT_OBJC_ISA_USAGE = YES_ERROR;
				CLANG_WARN_DOCUMENTATION_COMMENTS = YES;
				CLANG_WARN_EMPTY_BODY = YES;
				CLANG_WARN_ENUM_CONVERSION = YES;
				CLANG_WARN_INFINITE_RECURSION = YES;
				CLANG_WARN_INT_CONVERSION = YES;
				CLANG_WARN_OBJC_ROOT_CLASS = YES_ERROR;
				CLANG_WARN_SUSPICIOUS_MOVE = YES;
				CLANG_WARN_UNREACHABLE_CODE = YES;
				CLANG_WARN__DUPLICATE_METHOD_MATCH = YES;
				"CODE_SIGN_IDENTITY[sdk=iphoneos*]" = "iPhone Developer";
				COPY_PHASE_STRIP = NO;
				DEBUG_INFORMATION_FORMAT = "dwarf-with-dsym";
				ENABLE_NS_ASSERTIONS = NO;
				ENABLE_STRICT_OBJC_MSGSEND = YES;
				GCC_C_LANGUAGE_STANDARD = gnu99;
				GCC_NO_COMMON_BLOCKS = YES;
				GCC_WARN_64_TO_32_BIT_CONVERSION = YES;
				GCC_WARN_ABOUT_RETURN_TYPE = YES_ERROR;
				GCC_WARN_UNDECLARED_SELECTOR = YES;
				GCC_WARN_UNINITIALIZED_AUTOS = YES_AGGRESSIVE;
				GCC_WARN_UNUSED_FUNCTION = YES;
				GCC_WARN_UNUSED_VARIABLE = YES;
				IPHONEOS_DEPLOYMENT_TARGET = 10.3;
				MTL_ENABLE_DEBUG_INFO = NO;
				SDKROOT = iphoneos;
				SWIFT_OPTIMIZATION_LEVEL = "-Owholemodule";
				TARGETED_DEVICE_FAMILY = "1,2";
				VALIDATE_PRODUCT = YES;
			};
			name = Release;
		};
		9C6106CA1F8E1034008FDC51 /* Debug */ = {
			isa = XCBuildConfiguration;
			buildSettings = {
				ASSETCATALOG_COMPILER_APPICON_NAME = AppIcon;
				INFOPLIST_FILE = PlayerTest/Info.plist;
				LD_RUNPATH_SEARCH_PATHS = "$(inherited) @executable_path/Frameworks";
				PRODUCT_BUNDLE_IDENTIFIER = com.evgenstarikov.PlayerTest;
				PRODUCT_NAME = "$(TARGET_NAME)";
				SWIFT_VERSION = 3.0;
			};
			name = Debug;
		};
		9C6106CB1F8E1034008FDC51 /* Release */ = {
			isa = XCBuildConfiguration;
			buildSettings = {
				ASSETCATALOG_COMPILER_APPICON_NAME = AppIcon;
				INFOPLIST_FILE = PlayerTest/Info.plist;
				LD_RUNPATH_SEARCH_PATHS = "$(inherited) @executable_path/Frameworks";
				PRODUCT_BUNDLE_IDENTIFIER = com.evgenstarikov.PlayerTest;
				PRODUCT_NAME = "$(TARGET_NAME)";
				SWIFT_VERSION = 3.0;
			};
			name = Release;
		};
		9C6106CD1F8E1034008FDC51 /* Debug */ = {
			isa = XCBuildConfiguration;
			buildSettings = {
				ALWAYS_EMBED_SWIFT_STANDARD_LIBRARIES = YES;
				BUNDLE_LOADER = "$(TEST_HOST)";
				INFOPLIST_FILE = PlayerTestTests/Info.plist;
				LD_RUNPATH_SEARCH_PATHS = "$(inherited) @executable_path/Frameworks @loader_path/Frameworks";
				PRODUCT_BUNDLE_IDENTIFIER = com.evgenstarikov.PlayerTestTests;
				PRODUCT_NAME = "$(TARGET_NAME)";
				SWIFT_VERSION = 3.0;
				TEST_HOST = "$(BUILT_PRODUCTS_DIR)/PlayerTest.app/PlayerTest";
			};
			name = Debug;
		};
		9C6106CE1F8E1034008FDC51 /* Release */ = {
			isa = XCBuildConfiguration;
			buildSettings = {
				ALWAYS_EMBED_SWIFT_STANDARD_LIBRARIES = YES;
				BUNDLE_LOADER = "$(TEST_HOST)";
				INFOPLIST_FILE = PlayerTestTests/Info.plist;
				LD_RUNPATH_SEARCH_PATHS = "$(inherited) @executable_path/Frameworks @loader_path/Frameworks";
				PRODUCT_BUNDLE_IDENTIFIER = com.evgenstarikov.PlayerTestTests;
				PRODUCT_NAME = "$(TARGET_NAME)";
				SWIFT_VERSION = 3.0;
				TEST_HOST = "$(BUILT_PRODUCTS_DIR)/PlayerTest.app/PlayerTest";
			};
			name = Release;
		};
		9C6106D01F8E1034008FDC51 /* Debug */ = {
			isa = XCBuildConfiguration;
			buildSettings = {
				ALWAYS_EMBED_SWIFT_STANDARD_LIBRARIES = YES;
				INFOPLIST_FILE = PlayerTestUITests/Info.plist;
				LD_RUNPATH_SEARCH_PATHS = "$(inherited) @executable_path/Frameworks @loader_path/Frameworks";
				PRODUCT_BUNDLE_IDENTIFIER = com.evgenstarikov.PlayerTestUITests;
				PRODUCT_NAME = "$(TARGET_NAME)";
				SWIFT_VERSION = 3.0;
				TEST_TARGET_NAME = PlayerTest;
			};
			name = Debug;
		};
		9C6106D11F8E1034008FDC51 /* Release */ = {
			isa = XCBuildConfiguration;
			buildSettings = {
				ALWAYS_EMBED_SWIFT_STANDARD_LIBRARIES = YES;
				INFOPLIST_FILE = PlayerTestUITests/Info.plist;
				LD_RUNPATH_SEARCH_PATHS = "$(inherited) @executable_path/Frameworks @loader_path/Frameworks";
				PRODUCT_BUNDLE_IDENTIFIER = com.evgenstarikov.PlayerTestUITests;
				PRODUCT_NAME = "$(TARGET_NAME)";
				SWIFT_VERSION = 3.0;
				TEST_TARGET_NAME = PlayerTest;
			};
			name = Release;
		};
/* End XCBuildConfiguration section */

/* Begin XCConfigurationList section */
		9C61069C1F8E1034008FDC51 /* Build configuration list for PBXProject "PlayerTest" */ = {
			isa = XCConfigurationList;
			buildConfigurations = (
				9C6106C71F8E1034008FDC51 /* Debug */,
				9C6106C81F8E1034008FDC51 /* Release */,
			);
			defaultConfigurationIsVisible = 0;
			defaultConfigurationName = Release;
		};
		9C6106C91F8E1034008FDC51 /* Build configuration list for PBXNativeTarget "PlayerTest" */ = {
			isa = XCConfigurationList;
			buildConfigurations = (
				9C6106CA1F8E1034008FDC51 /* Debug */,
				9C6106CB1F8E1034008FDC51 /* Release */,
			);
			defaultConfigurationIsVisible = 0;
			defaultConfigurationName = Release;
		};
		9C6106CC1F8E1034008FDC51 /* Build configuration list for PBXNativeTarget "PlayerTestTests" */ = {
			isa = XCConfigurationList;
			buildConfigurations = (
				9C6106CD1F8E1034008FDC51 /* Debug */,
				9C6106CE1F8E1034008FDC51 /* Release */,
			);
			defaultConfigurationIsVisible = 0;
			defaultConfigurationName = Release;
		};
		9C6106CF1F8E1034008FDC51 /* Build configuration list for PBXNativeTarget "PlayerTestUITests" */ = {
			isa = XCConfigurationList;
			buildConfigurations = (
				9C6106D01F8E1034008FDC51 /* Debug */,
				9C6106D11F8E1034008FDC51 /* Release */,
			);
			defaultConfigurationIsVisible = 0;
			defaultConfigurationName = Release;
		};
/* End XCConfigurationList section */
	};
	rootObject = 9C6106991F8E1034008FDC51 /* Project object */;
}
